
Microsoft Visual Studio Solution File, Format Version 12.00
# Visual Studio Version 17
VisualStudioVersion = 17.11.35222.181
MinimumVisualStudioVersion = 10.0.40219.1
Project("{FAE04EC0-301F-11D3-BF4B-00C04F79EFBC}") = "Project2BurgerMenu", "Project2BurgerMenu\Project2BurgerMenu.csproj", "{9976A975-3FE3-41B3-A89F-AA078C27B4A4}"
EndProject
Global
	GlobalSection(SolutionConfigurationPlatforms) = preSolution
		Debug|Any CPU = Debug|Any CPU
		Release|Any CPU = Release|Any CPU
	EndGlobalSection
	GlobalSection(ProjectConfigurationPlatforms) = postSolution
		{9976A975-3FE3-41B3-A89F-AA078C27B4A4}.Debug|Any CPU.ActiveCfg = Debug|Any CPU
		{9976A975-3FE3-41B3-A89F-AA078C27B4A4}.Debug|Any CPU.Build.0 = Debug|Any CPU
		{9976A975-3FE3-41B3-A89F-AA078C27B4A4}.Release|Any CPU.ActiveCfg = Release|Any CPU
		{9976A975-3FE3-41B3-A89F-AA078C27B4A4}.Release|Any CPU.Build.0 = Release|Any CPU
	EndGlobalSection
	GlobalSection(SolutionProperties) = preSolution
		HideSolutionNode = FALSE
	EndGlobalSection
	GlobalSection(ExtensibilityGlobals) = postSolution
		SolutionGuid = {EF6BA40D-E514-43C1-84CA-6CDD41832246}
	EndGlobalSection
EndGlobal
